code.sajari.com/docconv v1.1.0 h1:vcc69M326KbddtkW0g6tSKxisMeoOTwf6bCCyy1+Fwc=
code.sajari.com/docconv v1.1.0/go.mod h1:rRyb1UrvKoNRs4QS0n4syP7TTacbUymJJ+TajH/rkXY=
github.com/JalfResi/justext v0.0.0-20170829062021-c0282dea7198 h1:8P+AjBhGByCuCX2zTkAf6UY+dj0JczX+t6cSdCSyvfw=
github.com/JalfResi/justext v0.0.0-20170829062021-c0282dea7198/go.mod h1:0SURuH1rsE8aVWvutuMZghRNrNrYEUzibzJfhEYR8L0=
github.com/PuerkitoBio/goquery v1.5.0 h1:uGvmFXOA73IKluu/F84Xd1tt/z07GYm8X49XKHP7EJk=
github.com/PuerkitoBio/goquery v1.5.0/go.mod h1:qD2PgZ9lccMbQlc7eEOjaeRlFQON7xY8kdmcsrnKqMg=
github.com/advancedlogic/GoOse v0.0.0-20180825110909-6cd46faf50eb h1:giyLqlrMC5lN1ph0AWxUGz/z/Lmu45ibBjdg/9VWMzo=
github.com/advancedlogic/GoOse v0.0.0-20180825110909-6cd46faf50eb/go.mod h1:+hZjQNJyAtQVe/ZIdfc+SaBv66ciqiRBXDPJgToTHO0=
github.com/andybalholm/cascadia v1.0.0 h1:hOCXnnZ5A+3eVDX8pvgl4kofXv2ELss0bKcqRySc45o=
github.com/andybalholm/cascadia v1.0.0/go.mod h1:GsXiBklL0woXo1j/WYWtSYYC4ouU9PqHO0sqidkEA4Y=
github.com/araddon/dateparse v0.0.0-20190223010137-262228af701e h1:OnnRK2k3we438w+EZ8uDq+lIkjJ7QuPOnkNlyYkiBnU=
github.com/araddon/dateparse v0.0.0-20190223010137-262228af701e/go.mod h1:SLqhdZcd+dF3TEVL2RMoob5bBP5R1P1qkox+HtCBgGI=
github.com/fatih/set v0.2.1 h1:nn2CaJyknWE/6txyUDGwysr3G5QC6xWB/PtVjPBbeaA=
github.com/fatih/set v0.2.1/go.mod h1:+RKtMCH+favT2+3YecHGxcc0b4KyVWA1QWWJUs4E0CI=
github.com/gigawattio/window v0.0.0-20180317192513-0f5467e35573 h1:u8AQ9bPa9oC+8/A/jlWouakhIvkFfuxgIIRjiy8av7I=
github.com/gigawattio/window v0.0.0-20180317192513-0f5467e35573/go.mod h1:eBvb3i++NHDH4Ugo9qCvMw8t0mTSctaEa5blJbWcNxs=
github.com/golang/protobuf v1.3.0 h1:kbxbvI4Un1LUWKxufD+BiE6AEExYYgkQLQmLFqA1LFk=
github.com/golang/protobuf v1.3.0/go.mod h1:Qd/q+1AKNOZr9uGQzbzCmRO6sUih6GTPZv6a1/R87v0=
github.com/jaytaylor/html2text v0.0.0-20190311042500-a93a6c6ea053 h1:vAR93++rxlMlJRMK0hKD3l5La7FjpmUIxO1jnJmgTbI=
github.com/jaytaylor/html2text v0.0.0-20190311042500-a93a6c6ea053/go.mod h1:CVKlgaMiht+LXvHG173ujK6JUhZXKb2u/BQtjPDIvyk=
github.com/levigross/exp-html v0.0.0-20120902181939-8df60c69a8f5 h1:W7p+m/AECTL3s/YR5RpQ4hz5SjNeKzZBl1q36ws12s0=
github.com/levigross/exp-html v0.0.0-20120902181939-8df60c69a8f5/go.mod h1:QMe2wuKJ0o7zIVE8AqiT8rd8epmm6WDIZ2wyuBqYPzM=
github.com/mattn/go-runewidth v0.0.4 h1:2BvfKmzob6Bmd4YsL0zygOqfdFnK7GR4QL06Do4/p7Y=
github.com/mattn/go-runewidth v0.0.4/go.mod h1:LwmH8dsx7+W8Uxz3IHJYH5QSwggIsqBzpuz5H//U1FU=
github.com/olekukonko/tablewriter v0.0.1 h1:b3iUnf1v+ppJiOfNX4yxxqfWKMQPZR5yoh8urCTFX88=
github.com/olekukonko/tablewriter v0.0.1/go.mod h1:vsDQFd/mU46D+Z4whnwzcISnGGzXWMclvtLoiIKAKIo=
github.com/otiai10/gosseract v2.2.1+incompatible h1:Ry5ltVdpdp4LAa2bMjsSJH34XHVOV7XMi41HtzL8X2I=
github.com/otiai10/gosseract v2.2.1+incompatible/go.mod h1:XrzWItCzCpFRZ35n3YtVTgq5bLAhFIkascoRo8G32QE=
github.com/ssor/bom v0.0.0-20170718123548-6386211fdfcf h1:pvbZ0lM0XWPBqUKqFU8cmavspvIl9nulOYwdy6IFRRo=
github.com/ssor/bom v0.0.0-20170718123548-6386211fdfcf/go.mod h1:RJID2RhlZKId02nZ62WenDCkgHFerpIOmW0iT7GKmXM=
golang.org/x/net v0.0.0-20180218175443-cbe0f9307d01/go.mod h1:mL1N/T3taQHkDXs73rZJwtUhF3w3ftmwwsq0BUmARs4=
golang.org/x/net v0.0.0-20180906233101-161cd47e91fd/go.mod h1:mL1N/T3taQHkDXs73rZJwtUhF3w3ftmwwsq0BUmARs4=
golang.org/x/net v0.0.0-20181114220301-adae6a3d119a/go.mod h1:mL1N/T3taQHkDXs73rZJwtUhF3w3ftmwwsq0BUmARs4=
golang.org/x/net v0.0.0-20190311031020-56fb01167e7d h1:vQJbQvu6+H699vOmHa20TEBI9nEqroRbMtf/9biIE3A=
golang.org/x/net v0.0.0-20190311031020-56fb01167e7d/go.mod h1:mL1N/T3taQHkDXs73rZJwtUhF3w3ftmwwsq0BUmARs4=
golang.org/x/sync v0.0.0-20180314180146-1d60e4601c6f/go.mod h1:RxMgew5VJxzue5/jJTE5uejpjVlOe/izrB70Jof72aM=
golang.org/x/text v0.3.0 h1:g61tztE5qeGQ89tm6NTjjM9VPIm088od1l6aSorWRWg=
golang.org/x/text v0.3.0/go.mod h1:NqM8EUOU14njkJ3fqMW+pc6Ldnwhi/IjpwHt7yyuwOQ=
google.golang.org/genproto v0.0.0-20180831171423-11092d34479b/go.mod h1:JiN7NxoALGmiZfu7CAH4rXhgtRTLTxftemlI0sWmxmc=
